
Microsoft Visual Studio Solution File, Format Version 10.00
# Visual Studio 2008
Project("{8BC9CEB8-8B4A-11D0-8D11-00A0C91BC942}") = "FrameWork", "FrameWork\FrameWork.vcproj", "{689CCAD4-E8CF-4D97-BEC9-73854D6C7D3B}"
EndProject
Project("{8BC9CEB8-8B4A-11D0-8D11-00A0C91BC942}") = "Light_Diffuse", "Light_Diffuse\Light_Diffuse.vcproj", "{69CE3DFA-D659-4E06-9908-C9A613E14BB9}"
EndProject
Global
	GlobalSection(SolutionConfigurationPlatforms) = preSolution
		Debug|Win32 = Debug|Win32
		Release|Win32 = Release|Win32
	EndGlobalSection
	GlobalSection(ProjectConfigurationPlatforms) = postSolution
		{689CCAD4-E8CF-4D97-BEC9-73854D6C7D3B}.Debug|Win32.ActiveCfg = Debug|Win32
		{689CCAD4-E8CF-4D97-BEC9-73854D6C7D3B}.Debug|Win32.Build.0 = Debug|Win32
		{689CCAD4-E8CF-4D97-BEC9-73854D6C7D3B}.Release|Win32.ActiveCfg = Release|Win32
		{689CCAD4-E8CF-4D97-BEC9-73854D6C7D3B}.Release|Win32.Build.0 = Release|Win32
		{69CE3DFA-D659-4E06-9908-C9A613E14BB9}.Debug|Win32.ActiveCfg = Debug|Win32
		{69CE3DFA-D659-4E06-9908-C9A613E14BB9}.Debug|Win32.Build.0 = Debug|Win32
		{69CE3DFA-D659-4E06-9908-C9A613E14BB9}.Release|Win32.ActiveCfg = Release|Win32
		{69CE3DFA-D659-4E06-9908-C9A613E14BB9}.Release|Win32.Build.0 = Release|Win32
	EndGlobalSection
	GlobalSection(SolutionProperties) = preSolution
		HideSolutionNode = FALSE
	EndGlobalSection
EndGlobal
